{
  "name": "XTools",
  "requires": true,
  "lockfileVersion": 1,
  "dependencies": {
    "commander": {
      "version": "https://registry.npmjs.org/commander/-/commander-2.11.0.tgz",
      "integrity": "sha1-FXFS/R56bI2YpbcVzzdt+SgARWM=",
      "dev": true
    },
    "source-map": {
      "version": "https://registry.npmjs.org/source-map/-/source-map-0.5.7.tgz",
      "integrity": "sha1-igOdLRAh0i0eoUyA2OpGi6LvP8w=",
      "dev": true
    },
    "uglify-es": {
      "version": "https://registry.npmjs.org/uglify-es/-/uglify-es-3.0.28.tgz",
      "integrity": "sha1-HN7bvNt4ZSIwZSga17I0dimFHUs=",
      "dev": true,
      "requires": {
        "commander": "~2.11.0",
        "source-map": "~0.5.1"
      }
    }
  }
}
